// !$*UTF8*$!
{
	archiveVersion = 1;
	classes = {
	};
	objectVersion = 46;
	objects = {

/* Begin PBXBuildFile section */
		324E48BD1DB70F9F0010DB7D /* main.swift in Sources */ = {isa = PBXBuildFile; fileRef = 324E48BC1DB70F9F0010DB7D /* main.swift */; };
		324E48C61DB70FC90010DB7D /* User.m in Sources */ = {isa = PBXBuildFile; fileRef = 324E48C51DB70FC90010DB7D /* User.m */; };
		324E48C81DB712A90010DB7D /* SomeClass.swift in Sources */ = {isa = PBXBuildFile; fileRef = 324E48C71DB712A90010DB7D /* SomeClass.swift */; };
/* End PBXBuildFile section */

/* Begin PBXCopyFilesBuildPhase section */
		324E48B71DB70F9F0010DB7D /* CopyFiles */ = {
			isa = PBXCopyFilesBuildPhase;
			buildActionMask = 2147483647;
			dstPath = /usr/share/man/man1/;
			dstSubfolderSpec = 0;
			files = (
			);
			runOnlyForDeploymentPostprocessing = 1;
		};
/* End PBXCopyFilesBuildPhase section */

/* Begin PBXFileReference section */
		324E48B91DB70F9F0010DB7D /* UseSwift */ = {isa = PBXFileReference; explicitFileType = "compiled.mach-o.executable"; includeInIndex = 0; path = UseSwift; sourceTree = BUILT_PRODUCTS_DIR; };
		324E48BC1DB70F9F0010DB7D /* main.swift */ = {isa = PBXFileReference; lastKnownFileType = sourcecode.swift; path = main.swift; sourceTree = "<group>"; };
		324E48C31DB70FC90010DB7D /* UseSwift-Bridging-Header.h */ = {isa = PBXFileReference; lastKnownFileType = sourcecode.c.h; path = "UseSwift-Bridging-Header.h"; sourceTree = "<group>"; };
		324E48C41DB70FC90010DB7D /* User.h */ = {isa = PBXFileReference; fileEncoding = 4; lastKnownFileType = sourcecode.c.h; path = User.h; sourceTree = "<group>"; };
		324E48C51DB70FC90010DB7D /* User.m */ = {isa = PBXFileReference; fileEncoding = 4; lastKnownFileType = sourcecode.c.objc; path = User.m; sourceTree = "<group>"; };
		324E48C71DB712A90010DB7D /* SomeClass.swift */ = {isa = PBXFileReference; fileEncoding = 4; lastKnownFileType = sourcecode.swift; path = SomeClass.swift; sourceTree = "<group>"; };
/* End PBXFileReference section */

/* Begin PBXFrameworksBuildPhase section */
		324E48B61DB70F9F0010DB7D /* Frameworks */ = {
			isa = PBXFrameworksBuildPhase;
			buildActionMask = 2147483647;
			files = (
			);
			runOnlyForDeploymentPostprocessing = 0;
		};
/* End PBXFrameworksBuildPhase section */

/* Begin PBXGroup section */
		324E48B01DB70F9E0010DB7D = {
			isa = PBXGroup;
			children = (
				324E48BB1DB70F9F0010DB7D /* UseSwift */,
				324E48BA1DB70F9F0010DB7D /* Products */,
			);
			sourceTree = "<group>";
		};
		324E48BA1DB70F9F0010DB7D /* Products */ = {
			isa = PBXGroup;
			children = (
				324E48B91DB70F9F0010DB7D /* UseSwift */,
			);
			name = Products;
			sourceTree = "<group>";
		};
		324E48BB1DB70F9F0010DB7D /* UseSwift */ = {
			isa = PBXGroup;
			children = (
				324E48BC1DB70F9F0010DB7D /* main.swift */,
				324E48C71DB712A90010DB7D /* SomeClass.swift */,
				324E48C41DB70FC90010DB7D /* User.h */,
				324E48C51DB70FC90010DB7D /* User.m */,
				324E48C31DB70FC90010DB7D /* UseSwift-Bridging-Header.h */,
			);
			path = UseSwift;
			sourceTree = "<group>";
		};
/* End PBXGroup section */

/* Begin PBXNativeTarget section */
		324E48B81DB70F9F0010DB7D /* UseSwift */ = {
			isa = PBXNativeTarget;
			buildConfigurationList = 324E48C01DB70F9F0010DB7D /* Build configuration list for PBXNativeTarget "UseSwift" */;
			buildPhases = (
				324E48B51DB70F9F0010DB7D /* Sources */,
				324E48B61DB70F9F0010DB7D /* Frameworks */,
				324E48B71DB70F9F0010DB7D /* CopyFiles */,
			);
			buildRules = (
			);
			dependencies = (
			);
			name = UseSwift;
			productName = UseSwift;
			productReference = 324E48B91DB70F9F0010DB7D /* UseSwift */;
			productType = "com.apple.product-type.tool";
		};
/* End PBXNativeTarget section */

/* Begin PBXProject section */
		324E48B11DB70F9F0010DB7D /* Project object */ = {
			isa = PBXProject;
			attributes = {
				LastSwiftUpdateCheck = 0800;
				LastUpgradeCheck = 0800;
				ORGANIZATIONNAME = rodhos;
				TargetAttributes = {
					324E48B81DB70F9F0010DB7D = {
						CreatedOnToolsVersion = 8.0;
						LastSwiftMigration = 0800;
						ProvisioningStyle = Automatic;
					};
				};
			};
			buildConfigurationList = 324E48B41DB70F9F0010DB7D /* Build configuration list for PBXProject "UseSwift" */;
			compatibilityVersion = "Xcode 3.2";
			developmentRegion = English;
			hasScannedForEncodings = 0;
			knownRegions = (
				en,
			);
			mainGroup = 324E48B01DB70F9E0010DB7D;
			productRefGroup = 324E48BA1DB70F9F0010DB7D /* Products */;
			projectDirPath = "";
			projectRoot = "";
			targets = (
				324E48B81DB70F9F0010DB7D /* UseSwift */,
			);
		};
/* End PBXProject section */

/* Begin PBXSourcesBuildPhase section */
		324E48B51DB70F9F0010DB7D /* Sources */ = {
			isa = PBXSourcesBuildPhase;
			buildActionMask = 2147483647;
			files = (
				324E48C61DB70FC90010DB7D /* User.m in Sources */,
				324E48BD1DB70F9F0010DB7D /* main.swift in Sources */,
				324E48C81DB712A90010DB7D /* SomeClass.swift in Sources */,
			);
			runOnlyForDeploymentPostprocessing = 0;
		};
/* End PBXSourcesBuildPhase section */

/* Begin XCBuildConfiguration section */
		324E48BE1DB70F9F0010DB7D /* Debug */ = {
			isa = XCBuildConfiguration;
			buildSettings = {
				ALWAYS_SEARCH_USER_PATHS = NO;
				CLANG_ANALYZER_NONNULL = YES;
				CLANG_CXX_LANGUAGE_STANDARD = "gnu++0x";
				CLANG_CXX_LIBRARY = "libc++";
				CLANG_ENABLE_MODULES = YES;
				CLANG_ENABLE_OBJC_ARC = YES;
				CLANG_WARN_BOOL_CONVERSION = YES;
				CLANG_WARN_CONSTANT_CONVERSION = YES;
				CLANG_WARN_DIRECT_OBJC_ISA_USAGE = YES_ERROR;
				CLANG_WARN_DOCUMENTATION_COMMENTS = YES;
				CLANG_WARN_EMPTY_BODY = YES;
				CLANG_WARN_ENUM_CONVERSION = YES;
				CLANG_WARN_INFINITE_RECURSION = YES;
				CLANG_WARN_INT_CONVERSION = YES;
				CLANG_WARN_OBJC_ROOT_CLASS = YES_ERROR;
				CLANG_WARN_SUSPICIOUS_MOVES = YES;
				CLANG_WARN_UNREACHABLE_CODE = YES;
				CLANG_WARN__DUPLICATE_METHOD_MATCH = YES;
				CODE_SIGN_IDENTITY = "-";
				COPY_PHASE_STRIP = NO;
				DEBUG_INFORMATION_FORMAT = dwarf;
				ENABLE_STRICT_OBJC_MSGSEND = YES;
				ENABLE_TESTABILITY = YES;
				GCC_C_LANGUAGE_STANDARD = gnu99;
				GCC_DYNAMIC_NO_PIC = NO;
				GCC_NO_COMMON_BLOCKS = YES;
				GCC_OPTIMIZATION_LEVEL = 0;
				GCC_PREPROCESSOR_DEFINITIONS = (
					"DEBUG=1",
					"$(inherited)",
				);
				GCC_WARN_64_TO_32_BIT_CONVERSION = YES;
				GCC_WARN_ABOUT_RETURN_TYPE = YES_ERROR;
				GCC_WARN_UNDECLARED_SELECTOR = YES;
				GCC_WARN_UNINITIALIZED_AUTOS = YES_AGGRESSIVE;
				GCC_WARN_UNUSED_FUNCTION = YES;
				GCC_WARN_UNUSED_VARIABLE = YES;
				MACOSX_DEPLOYMENT_TARGET = 10.11;
				MTL_ENABLE_DEBUG_INFO = YES;
				ONLY_ACTIVE_ARCH = YES;
				SDKROOT = macosx;
				SWIFT_OPTIMIZATION_LEVEL = "-Onone";
			};
			name = Debug;
		};
		324E48BF1DB70F9F0010DB7D /* Release */ = {
			isa = XCBuildConfiguration;
			buildSettings = {
				ALWAYS_SEARCH_USER_PATHS = NO;
				CLANG_ANALYZER_NONNULL = YES;
				CLANG_CXX_LANGUAGE_STANDARD = "gnu++0x";
				CLANG_CXX_LIBRARY = "libc++";
				CLANG_ENABLE_MODULES = YES;
				CLANG_ENABLE_OBJC_ARC = YES;
				CLANG_WARN_BOOL_CONVERSION = YES;
				CLANG_WARN_CONSTANT_CONVERSION = YES;
				CLANG_WARN_DIRECT_OBJC_ISA_USAGE = YES_ERROR;
				CLANG_WARN_DOCUMENTATION_COMMENTS = YES;
				CLANG_WARN_EMPTY_BODY = YES;
				CLANG_WARN_ENUM_CONVERSION = YES;
				CLANG_WARN_INFINITE_RECURSION = YES;
				CLANG_WARN_INT_CONVERSION = YES;
				CLANG_WARN_OBJC_ROOT_CLASS = YES_ERROR;
				CLANG_WARN_SUSPICIOUS_MOVES = YES;
				CLANG_WARN_UNREACHABLE_CODE = YES;
				CLANG_WARN__DUPLICATE_METHOD_MATCH = YES;
				CODE_SIGN_IDENTITY = "-";
				COPY_PHASE_STRIP = NO;
				DEBUG_INFORMATION_FORMAT = "dwarf-with-dsym";
				ENABLE_NS_ASSERTIONS = NO;
				ENABLE_STRICT_OBJC_MSGSEND = YES;
				GCC_C_LANGUAGE_STANDARD = gnu99;
				GCC_NO_COMMON_BLOCKS = YES;
				GCC_WARN_64_TO_32_BIT_CONVERSION = YES;
				GCC_WARN_ABOUT_RETURN_TYPE = YES_ERROR;
				GCC_WARN_UNDECLARED_SELECTOR = YES;
				GCC_WARN_UNINITIALIZED_AUTOS = YES_AGGRESSIVE;
				GCC_WARN_UNUSED_FUNCTION = YES;
				GCC_WARN_UNUSED_VARIABLE = YES;
				MACOSX_DEPLOYMENT_TARGET = 10.11;
				MTL_ENABLE_DEBUG_INFO = NO;
				SDKROOT = macosx;
			};
			name = Release;
		};
		324E48C11DB70F9F0010DB7D /* Debug */ = {
			isa = XCBuildConfiguration;
			buildSettings = {
				CLANG_ENABLE_MODULES = YES;
				LD_RUNPATH_SEARCH_PATHS = "$(inherited) @executable_path/../Frameworks @loader_path/../Frameworks";
				PRODUCT_NAME = "$(TARGET_NAME)";
				SWIFT_OBJC_BRIDGING_HEADER = "UseSwift/UseSwift-Bridging-Header.h";
				SWIFT_OPTIMIZATION_LEVEL = "-Onone";
				SWIFT_VERSION = 3.0;
			};
			name = Debug;
		};
		324E48C21DB70F9F0010DB7D /* Release */ = {
			isa = XCBuildConfiguration;
			buildSettings = {
				CLANG_ENABLE_MODULES = YES;
				LD_RUNPATH_SEARCH_PATHS = "$(inherited) @executable_path/../Frameworks @loader_path/../Frameworks";
				PRODUCT_NAME = "$(TARGET_NAME)";
				SWIFT_OBJC_BRIDGING_HEADER = "UseSwift/UseSwift-Bridging-Header.h";
				SWIFT_VERSION = 3.0;
			};
			name = Release;
		};
/* End XCBuildConfiguration section */

/* Begin XCConfigurationList section */
		324E48B41DB70F9F0010DB7D /* Build configuration list for PBXProject "UseSwift" */ = {
			isa = XCConfigurationList;
			buildConfigurations = (
				324E48BE1DB70F9F0010DB7D /* Debug */,
				324E48BF1DB70F9F0010DB7D /* Release */,
			);
			defaultConfigurationIsVisible = 0;
			defaultConfigurationName = Release;
		};
		324E48C01DB70F9F0010DB7D /* Build configuration list for PBXNativeTarget "UseSwift" */ = {
			isa = XCConfigurationList;
			buildConfigurations = (
				324E48C11DB70F9F0010DB7D /* Debug */,
				324E48C21DB70F9F0010DB7D /* Release */,
			);
			defaultConfigurationIsVisible = 0;
		};
/* End XCConfigurationList section */
	};
	rootObject = 324E48B11DB70F9F0010DB7D /* Project object */;
}
